
Microsoft Visual Studio Solution File, Format Version 12.00
# Visual Studio 15
VisualStudioVersion = 15.0.27703.2042
MinimumVisualStudioVersion = 10.0.40219.1
Project("{888888A0-9F3D-457C-B088-3A5042F75D52}") = "nlp_start", "nlp_start\nlp_start.pyproj", "{30602BF8-34C7-43C2-A671-99952F5E2C76}"
EndProject
Global
	GlobalSection(SolutionConfigurationPlatforms) = preSolution
		Debug|Any CPU = Debug|Any CPU
		Release|Any CPU = Release|Any CPU
	EndGlobalSection
	GlobalSection(ProjectConfigurationPlatforms) = postSolution
		{30602BF8-34C7-43C2-A671-99952F5E2C76}.Debug|Any CPU.ActiveCfg = Debug|Any CPU
		{30602BF8-34C7-43C2-A671-99952F5E2C76}.Release|Any CPU.ActiveCfg = Release|Any CPU
	EndGlobalSection
	GlobalSection(SolutionProperties) = preSolution
		HideSolutionNode = FALSE
	EndGlobalSection
	GlobalSection(ExtensibilityGlobals) = postSolution
		SolutionGuid = {69416649-EC96-4859-B4CF-8B1B0CE25C42}
	EndGlobalSection
EndGlobal
